
Microsoft Visual Studio Solution File, Format Version 12.00
# Visual Studio 15
VisualStudioVersion = 15.0.26430.14
MinimumVisualStudioVersion = 10.0.40219.1
Project("{8BC9CEB8-8B4A-11D0-8D11-00A0C91BC942}") = "EvilBullshitWindowless", "EvilBullshitWindowless\EvilBullshitWindowless.vcxproj", "{2EA40E35-B375-4F04-AB01-E30FC6FD8BA0}"
EndProject
Global
	GlobalSection(SolutionConfigurationPlatforms) = preSolution
		Debug|x64 = Debug|x64
		Debug|x86 = Debug|x86
		Release|x64 = Release|x64
		Release|x86 = Release|x86
	EndGlobalSection
	GlobalSection(ProjectConfigurationPlatforms) = postSolution
		{2EA40E35-B375-4F04-AB01-E30FC6FD8BA0}.Debug|x64.ActiveCfg = Debug|x64
		{2EA40E35-B375-4F04-AB01-E30FC6FD8BA0}.Debug|x64.Build.0 = Debug|x64
		{2EA40E35-B375-4F04-AB01-E30FC6FD8BA0}.Debug|x86.ActiveCfg = Debug|x64
		{2EA40E35-B375-4F04-AB01-E30FC6FD8BA0}.Debug|x86.Build.0 = Debug|x64
		{2EA40E35-B375-4F04-AB01-E30FC6FD8BA0}.Release|x64.ActiveCfg = Debug|x64
		{2EA40E35-B375-4F04-AB01-E30FC6FD8BA0}.Release|x64.Build.0 = Debug|x64
		{2EA40E35-B375-4F04-AB01-E30FC6FD8BA0}.Release|x86.ActiveCfg = Debug|x64
		{2EA40E35-B375-4F04-AB01-E30FC6FD8BA0}.Release|x86.Build.0 = Debug|x64
	EndGlobalSection
	GlobalSection(SolutionProperties) = preSolution
		HideSolutionNode = FALSE
	EndGlobalSection
	GlobalSection(ExtensibilityGlobals) = postSolution
		SolutionGuid = {64E13B00-DB4D-46E6-8E92-82CFF85A4B96}
	EndGlobalSection
EndGlobal
