<?xml version="1.0" encoding="utf-8"?>
<Project ToolsVersion="4.0" xmlns="http://schemas.microsoft.com/developer/msbuild/2003">
  <ItemGroup>
    <Filter Include="Source Files">
      <UniqueIdentifier>{4FC737F1-C7A5-4376-A066-2A32D752A2FF}</UniqueIdentifier>
      <Extensions>cpp;c;cc;cxx;def;odl;idl;hpj;bat;asm;asmx</Extensions>
    </Filter>
    <Filter Include="Header Files">
      <UniqueIdentifier>{93995380-89BD-4b04-88EB-625FBE52EBFB}</UniqueIdentifier>
      <Extensions>h;hh;hpp;hxx;hm;inl;inc;xsd</Extensions>
    </Filter>
    <Filter Include="Resource Files">
      <UniqueIdentifier>{67DA6AB6-F800-4c08-8B7A-83BB121AAD01}</UniqueIdentifier>
      <Extensions>rc;ico;cur;bmp;dlg;rc2;rct;bin;rgs;gif;jpg;jpeg;jpe;resx;tiff;tif;png;wav;mfcribbon-ms</Extensions>
    </Filter>
  </ItemGroup>
  <ItemGroup>
    <Text Include="ReadMe.txt" />
  </ItemGroup>
  <ItemGroup>
    <ClInclude Include="stdafx.h">
      <Filter>Header Files</Filter>
    </ClInclude>
    <ClInclude Include="targetver.h">
      <Filter>Header Files</Filter>
    </ClInclude>
    <ClInclude Include="Resource.h">
      <Filter>Header Files</Filter>
    </ClInclude>
    <ClInclude Include="EvilBullshitWindowless.h">
      <Filter>Header Files</Filter>
    </ClInclude>
    <ClInclude Include="splashIamge.h">
      <Filter>Header Files</Filter>
    </ClInclude>
    <ClInclude Include="stringFunctions.h">
      <Filter>Header Files</Filter>
    </ClInclude>
    <ClInclude Include="windowsCrap.h">
      <Filter>Header Files</Filter>
    </ClInclude>
    <ClInclude Include="GameEntity.h">
      <Filter>Header Files</Filter>
    </ClInclude>
  </ItemGroup>
  <ItemGroup>
    <ClCompile Include="stdafx.cpp">
      <Filter>Source Files</Filter>
    </ClCompile>
    <ClCompile Include="EvilBullshitWindowless.cpp">
      <Filter>Source Files</Filter>
    </ClCompile>
  </ItemGroup>
  <ItemGroup>
    <ResourceCompile Include="EvilBullshitWindowless.rc">
      <Filter>Resource Files</Filter>
    </ResourceCompile>
  </ItemGroup>
  <ItemGroup>
    <Image Include="small.ico">
      <Filter>Resource Files</Filter>
    </Image>
    <Image Include="EvilBullshitWindowless.ico">
      <Filter>Resource Files</Filter>
    </Image>
    <Image Include="bitmap1.bmp">
      <Filter>Resource Files</Filter>
    </Image>
    <Image Include="..\..\..\Pictures\elephant.png">
      <Filter>Resource Files</Filter>
    </Image>
    <Image Include="elephant.png">
      <Filter>Resource Files</Filter>
    </Image>
    <Image Include="logo.png">
      <Filter>Resource Files</Filter>
    </Image>
    <Image Include="logo-1.png">
      <Filter>Resource Files</Filter>
    </Image>
    <Image Include="logo-2.png">
      <Filter>Resource Files</Filter>
    </Image>
    <Image Include="logo-3.png">
      <Filter>Resource Files</Filter>
    </Image>
    <Image Include="pac-down-closed.png">
      <Filter>Resource Files</Filter>
    </Image>
    <Image Include="pac-down-open.png">
      <Filter>Resource Files</Filter>
    </Image>
    <Image Include="pac-left-closed.png">
      <Filter>Resource Files</Filter>
    </Image>
    <Image Include="pac-left-open.png">
      <Filter>Resource Files</Filter>
    </Image>
    <Image Include="pac-right-closed.png">
      <Filter>Resource Files</Filter>
    </Image>
    <Image Include="pac-right-open.png">
      <Filter>Resource Files</Filter>
    </Image>
    <Image Include="pac-up-closed.png">
      <Filter>Resource Files</Filter>
    </Image>
    <Image Include="pac-up-open.png">
      <Filter>Resource Files</Filter>
    </Image>
    <Image Include="inky-down.png">
      <Filter>Resource Files</Filter>
    </Image>
    <Image Include="inky-left.png">
      <Filter>Resource Files</Filter>
    </Image>
    <Image Include="inky-right.png">
      <Filter>Resource Files</Filter>
    </Image>
    <Image Include="inky-up.png">
      <Filter>Resource Files</Filter>
    </Image>
    <Image Include="blinky-down.png">
      <Filter>Resource Files</Filter>
    </Image>
    <Image Include="blinky-left.png">
      <Filter>Resource Files</Filter>
    </Image>
    <Image Include="blinky-right.png">
      <Filter>Resource Files</Filter>
    </Image>
    <Image Include="blinky-up.png">
      <Filter>Resource Files</Filter>
    </Image>
    <Image Include="clyde-down.png">
      <Filter>Resource Files</Filter>
    </Image>
    <Image Include="clyde-left.png">
      <Filter>Resource Files</Filter>
    </Image>
    <Image Include="clyde-right.png">
      <Filter>Resource Files</Filter>
    </Image>
    <Image Include="clyde-up.png">
      <Filter>Resource Files</Filter>
    </Image>
    <Image Include="pinky-down.png">
      <Filter>Resource Files</Filter>
    </Image>
    <Image Include="pinky-left.png">
      <Filter>Resource Files</Filter>
    </Image>
    <Image Include="pinky-right.png">
      <Filter>Resource Files</Filter>
    </Image>
    <Image Include="pinky-up.png">
      <Filter>Resource Files</Filter>
    </Image>
    <Image Include="death1.png">
      <Filter>Resource Files</Filter>
    </Image>
    <Image Include="death2.png">
      <Filter>Resource Files</Filter>
    </Image>
    <Image Include="death3.png">
      <Filter>Resource Files</Filter>
    </Image>
    <Image Include="death4.png">
      <Filter>Resource Files</Filter>
    </Image>
  </ItemGroup>
  <ItemGroup>
    <None Include="idi_spla.bin">
      <Filter>Resource Files</Filter>
    </None>
  </ItemGroup>
</Project>